
Microsoft Visual Studio Solution File, Format Version 12.00
# Visual Studio Version 17
VisualStudioVersion = 17.5.002.0
MinimumVisualStudioVersion = 10.0.40219.1
Project("{9A19103F-16F7-4668-BE54-9A1E7A4F7556}") = "minimal-api", "API\minimal-api.csproj", "{AA6189C9-A5AF-4B63-9303-6E840DBC7DBF}"
EndProject
Project("{FAE04EC0-301F-11D3-BF4B-00C04F79EFBC}") = "Test", "Test\Test.csproj", "{40DDC93E-2AA4-4F29-88C0-A404F5EC2F93}"
EndProject
Global
	GlobalSection(SolutionConfigurationPlatforms) = preSolution
		Debug|Any CPU = Debug|Any CPU
		Release|Any CPU = Release|Any CPU
	EndGlobalSection
	GlobalSection(ProjectConfigurationPlatforms) = postSolution
		{AA6189C9-A5AF-4B63-9303-6E840DBC7DBF}.Debug|Any CPU.ActiveCfg = Debug|Any CPU
		{AA6189C9-A5AF-4B63-9303-6E840DBC7DBF}.Debug|Any CPU.Build.0 = Debug|Any CPU
		{AA6189C9-A5AF-4B63-9303-6E840DBC7DBF}.Release|Any CPU.ActiveCfg = Release|Any CPU
		{AA6189C9-A5AF-4B63-9303-6E840DBC7DBF}.Release|Any CPU.Build.0 = Release|Any CPU
		{40DDC93E-2AA4-4F29-88C0-A404F5EC2F93}.Debug|Any CPU.ActiveCfg = Debug|Any CPU
		{40DDC93E-2AA4-4F29-88C0-A404F5EC2F93}.Debug|Any CPU.Build.0 = Debug|Any CPU
		{40DDC93E-2AA4-4F29-88C0-A404F5EC2F93}.Release|Any CPU.ActiveCfg = Release|Any CPU
		{40DDC93E-2AA4-4F29-88C0-A404F5EC2F93}.Release|Any CPU.Build.0 = Release|Any CPU
	EndGlobalSection
	GlobalSection(SolutionProperties) = preSolution
		HideSolutionNode = FALSE
	EndGlobalSection
	GlobalSection(ExtensibilityGlobals) = postSolution
		SolutionGuid = {C1A817AD-37E2-4673-9796-528BDBCC51D9}
	EndGlobalSection
EndGlobal
